
Microsoft Visual Studio Solution File, Format Version 10.00
# Visual Studio 2008
Project("{8BC9CEB8-8B4A-11D0-8D11-00A0C91BC942}") = "SmartDrawAnno", "SmartDrawAnno.vcproj", "{30D58D17-AF42-457C-AD37-AAF687A83ACF}"
EndProject
Project("{8BC9CEB8-8B4A-11D0-8D11-00A0C91BC942}") = "SmartDrawModule", "..\SmartDrawModule\SmartDrawModule.vcproj", "{5346BAD2-3DD4-4101-BF45-3C988368A88F}"
EndProject
Global
	GlobalSection(SolutionConfigurationPlatforms) = preSolution
		Debug|Win32 = Debug|Win32
		Release|Win32 = Release|Win32
	EndGlobalSection
	GlobalSection(ProjectConfigurationPlatforms) = postSolution
		{30D58D17-AF42-457C-AD37-AAF687A83ACF}.Debug|Win32.ActiveCfg = Debug|Win32
		{30D58D17-AF42-457C-AD37-AAF687A83ACF}.Debug|Win32.Build.0 = Debug|Win32
		{30D58D17-AF42-457C-AD37-AAF687A83ACF}.Release|Win32.ActiveCfg = Release|Win32
		{30D58D17-AF42-457C-AD37-AAF687A83ACF}.Release|Win32.Build.0 = Release|Win32
		{5346BAD2-3DD4-4101-BF45-3C988368A88F}.Debug|Win32.ActiveCfg = Debug|Win32
		{5346BAD2-3DD4-4101-BF45-3C988368A88F}.Debug|Win32.Build.0 = Debug|Win32
		{5346BAD2-3DD4-4101-BF45-3C988368A88F}.Release|Win32.ActiveCfg = Release|Win32
		{5346BAD2-3DD4-4101-BF45-3C988368A88F}.Release|Win32.Build.0 = Release|Win32
	EndGlobalSection
	GlobalSection(SolutionProperties) = preSolution
		HideSolutionNode = FALSE
	EndGlobalSection
EndGlobal
