<?xml version="1.0" encoding="utf-8"?>
<Project ToolsVersion="4.0" xmlns="http://schemas.microsoft.com/developer/msbuild/2003">
  <ItemGroup>
    <Filter Include="Source Files">
      <UniqueIdentifier>{1bf9eb82-e151-4b99-b233-549774b246df}</UniqueIdentifier>
      <Extensions>cpp;c;cxx;rc;def;r;odl;idl;hpj;bat</Extensions>
    </Filter>
    <Filter Include="Header Files">
      <UniqueIdentifier>{d09e80e2-9881-450b-85c9-0bb0e9429fd0}</UniqueIdentifier>
      <Extensions>h;hpp;hxx;hm;inl</Extensions>
    </Filter>
    <Filter Include="Resource Files">
      <UniqueIdentifier>{8de18d47-3492-44e7-b95a-a9e77bf5ad31}</UniqueIdentifier>
      <Extensions>ico;cur;bmp;dlg;rc2;rct;bin;rgs;gif;jpg;jpeg;jpe</Extensions>
    </Filter>
  </ItemGroup>
  <ItemGroup>
    <ClCompile Include="src\DGNArc.cpp">
      <Filter>Source Files</Filter>
    </ClCompile>
    <ClCompile Include="src\DGNAttrData.cpp">
      <Filter>Source Files</Filter>
    </ClCompile>
    <ClCompile Include="src\DGNCircle.cpp">
      <Filter>Source Files</Filter>
    </ClCompile>
    <ClCompile Include="DGNComplexShapeOrChain.cpp">
      <Filter>Source Files</Filter>
    </ClCompile>
    <ClCompile Include="src\DGNCone.cpp">
      <Filter>Source Files</Filter>
    </ClCompile>
    <ClCompile Include="src\DGNDoc.cpp">
      <Filter>Source Files</Filter>
    </ClCompile>
    <ClCompile Include="src\DGNElement.cpp">
      <Filter>Source Files</Filter>
    </ClCompile>
    <ClCompile Include="src\DGNEllipse.cpp">
      <Filter>Source Files</Filter>
    </ClCompile>
    <ClCompile Include="DGNEqpNameElm.cpp">
      <Filter>Source Files</Filter>
    </ClCompile>
    <ClCompile Include="DGNExport.cpp">
      <Filter>Source Files</Filter>
    </ClCompile>
    <ClCompile Include="src\DGNFile.cpp">
      <Filter>Source Files</Filter>
    </ClCompile>
    <ClCompile Include="DGNFloat.cpp">
      <Filter>Source Files</Filter>
    </ClCompile>
    <ClCompile Include="src\DGNGroup.cpp">
      <Filter>Source Files</Filter>
    </ClCompile>
    <ClCompile Include="DGNImport.cpp">
      <Filter>Source Files</Filter>
    </ClCompile>
    <ClCompile Include="src\DGNLib.cpp">
      <Filter>Source Files</Filter>
    </ClCompile>
    <ClCompile Include="src\DGNLine.cpp">
      <Filter>Source Files</Filter>
    </ClCompile>
    <ClCompile Include="DGNLineString.cpp">
      <Filter>Source Files</Filter>
    </ClCompile>
    <ClCompile Include="DGNParser.cpp">
      <Filter>Source Files</Filter>
    </ClCompile>
    <ClCompile Include="src\DGNPointString.cpp">
      <Filter>Source Files</Filter>
    </ClCompile>
    <ClCompile Include="DGNScanner.cpp">
      <Filter>Source Files</Filter>
    </ClCompile>
    <ClCompile Include="src\DGNSolid.cpp">
      <Filter>Source Files</Filter>
    </ClCompile>
    <ClCompile Include="src\DGNSurface.cpp">
      <Filter>Source Files</Filter>
    </ClCompile>
    <ClCompile Include="src\DGNText.cpp">
      <Filter>Source Files</Filter>
    </ClCompile>
    <ClCompile Include="StdAfx.cpp">
      <Filter>Source Files</Filter>
    </ClCompile>
    <ClCompile Include="TyPoint3d.cpp">
      <Filter>Source Files</Filter>
    </ClCompile>
    <ClCompile Include="TyVolume.cpp">
      <Filter>Source Files</Filter>
    </ClCompile>
  </ItemGroup>
  <ItemGroup>
    <ResourceCompile Include="DGNLib.rc">
      <Filter>Source Files</Filter>
    </ResourceCompile>
  </ItemGroup>
  <ItemGroup>
    <ClInclude Include="include\DGNArc.h">
      <Filter>Header Files</Filter>
    </ClInclude>
    <ClInclude Include="include\DGNCircle.h">
      <Filter>Header Files</Filter>
    </ClInclude>
    <ClInclude Include="DGNComplexShapeOrChain.h">
      <Filter>Header Files</Filter>
    </ClInclude>
    <ClInclude Include="include\DGNCone.h">
      <Filter>Header Files</Filter>
    </ClInclude>
    <ClInclude Include="DGNDef.h">
      <Filter>Header Files</Filter>
    </ClInclude>
    <ClInclude Include="include\DGNDoc.h">
      <Filter>Header Files</Filter>
    </ClInclude>
    <ClInclude Include="include\DGNElement.h">
      <Filter>Header Files</Filter>
    </ClInclude>
    <ClInclude Include="include\DGNEllipse.h">
      <Filter>Header Files</Filter>
    </ClInclude>
    <ClInclude Include="include\DGNEnum.h">
      <Filter>Header Files</Filter>
    </ClInclude>
    <ClInclude Include="DGNEqpNameElm.h">
      <Filter>Header Files</Filter>
    </ClInclude>
    <ClInclude Include="DGNExport.h">
      <Filter>Header Files</Filter>
    </ClInclude>
    <ClInclude Include="include\DGNFile.h">
      <Filter>Header Files</Filter>
    </ClInclude>
    <ClInclude Include="DGNFloat.h">
      <Filter>Header Files</Filter>
    </ClInclude>
    <ClInclude Include="include\DGNGroup.h">
      <Filter>Header Files</Filter>
    </ClInclude>
    <ClInclude Include="DGNImport.h">
      <Filter>Header Files</Filter>
    </ClInclude>
    <ClInclude Include="include\DGNLib.h">
      <Filter>Header Files</Filter>
    </ClInclude>
    <ClInclude Include="include\DGNLine.h">
      <Filter>Header Files</Filter>
    </ClInclude>
    <ClInclude Include="DGNLineString.h">
      <Filter>Header Files</Filter>
    </ClInclude>
    <ClInclude Include="DGNParser.h">
      <Filter>Header Files</Filter>
    </ClInclude>
    <ClInclude Include="include\DGNPointString.h">
      <Filter>Header Files</Filter>
    </ClInclude>
    <ClInclude Include="include\DGNRefFile.h">
      <Filter>Header Files</Filter>
    </ClInclude>
    <ClInclude Include="DGNScanner.h">
      <Filter>Header Files</Filter>
    </ClInclude>
    <ClInclude Include="include\DGNSolid.h">
      <Filter>Header Files</Filter>
    </ClInclude>
    <ClInclude Include="DGNStruct.h">
      <Filter>Header Files</Filter>
    </ClInclude>
    <ClInclude Include="include\DGNSurface.h">
      <Filter>Header Files</Filter>
    </ClInclude>
    <ClInclude Include="include\DGNText.h">
      <Filter>Header Files</Filter>
    </ClInclude>
    <ClInclude Include="StdAfx.h">
      <Filter>Header Files</Filter>
    </ClInclude>
    <ClInclude Include="TyPoint3d.h">
      <Filter>Header Files</Filter>
    </ClInclude>
    <ClInclude Include="TyVolume.h">
      <Filter>Header Files</Filter>
    </ClInclude>
  </ItemGroup>
  <ItemGroup>
    <None Include="ReadMe.txt" />
  </ItemGroup>
</Project>